PODS:
  - Auth0 (1.5.0)
  - AvatarImageView (2.0.3)
  - DynamicColor (3.3)
  - Lock (2.2.0):
    - Auth0 (~> 1.5)
    - Lock/Classic (= 2.2.0)
  - Lock/Classic (2.2.0):
    - Auth0 (~> 1.5)
  - SDWebImage (4.0.0):
    - SDWebImage/Core (= 4.0.0)
  - SDWebImage/Core (4.0.0)

DEPENDENCIES:
  - AvatarImageView (~> 2.0.3)
  - DynamicColor (~> 3.3)
  - Lock (~> 2.2)
  - SDWebImage (~> 4.0.0)

SPEC CHECKSUMS:
  Auth0: d055a1d6666a8bbab731a4bd5e896cd0159392d4
  AvatarImageView: 25541e2051124e730c7a1b97f5e5b9345fbc1cfc
  DynamicColor: 3cdaa1e01c16e93ba744e0630f768373e0fc7a7d
  Lock: 5888af7ab30772de4d06872e53c8a22a2a36b0a3
  SDWebImage: 76a6348bdc74eb5a55dd08a091ef298e56b55e41

PODFILE CHECKSUM: 6d638e1b7d0deb9c03ea0374746dddb1c0cdb749

COCOAPODS: 1.2.1
